
Microsoft Visual Studio Solution File, Format Version 12.00
# Visual Studio Version 17
VisualStudioVersion = 17.5.33530.505
MinimumVisualStudioVersion = 10.0.40219.1
Project("{FAE04EC0-301F-11D3-BF4B-00C04F79EFBC}") = "inimco_case_backend", "inimco_case_backend.csproj", "{BAB29BBA-711B-418E-97B8-D9CA808C9A31}"
EndProject
Global
	GlobalSection(SolutionConfigurationPlatforms) = preSolution
		Debug|Any CPU = Debug|Any CPU
		Release|Any CPU = Release|Any CPU
	EndGlobalSection
	GlobalSection(ProjectConfigurationPlatforms) = postSolution
		{BAB29BBA-711B-418E-97B8-D9CA808C9A31}.Debug|Any CPU.ActiveCfg = Debug|Any CPU
		{BAB29BBA-711B-418E-97B8-D9CA808C9A31}.Debug|Any CPU.Build.0 = Debug|Any CPU
		{BAB29BBA-711B-418E-97B8-D9CA808C9A31}.Release|Any CPU.ActiveCfg = Release|Any CPU
		{BAB29BBA-711B-418E-97B8-D9CA808C9A31}.Release|Any CPU.Build.0 = Release|Any CPU
	EndGlobalSection
	GlobalSection(SolutionProperties) = preSolution
		HideSolutionNode = FALSE
	EndGlobalSection
	GlobalSection(ExtensibilityGlobals) = postSolution
		SolutionGuid = {7E2D2A36-FE07-4C12-8F08-25CC53478301}
	EndGlobalSection
EndGlobal
